
Microsoft Visual Studio Solution File, Format Version 12.00
# Visual Studio Version 16
VisualStudioVersion = 16.0.31019.35
MinimumVisualStudioVersion = 10.0.40219.1
Project("{9A19103F-16F7-4668-BE54-9A1E7A4F7556}") = "DataAccess", "DataAccess\DataAccess.csproj", "{AE05D64E-FD5E-4481-8422-B08C6E26A239}"
EndProject
Project("{9A19103F-16F7-4668-BE54-9A1E7A4F7556}") = "Business", "Business\Business.csproj", "{35BF02B0-73D9-43A9-9205-943A1D3F7D4C}"
EndProject
Project("{9A19103F-16F7-4668-BE54-9A1E7A4F7556}") = "Entities", "Entities\Entities.csproj", "{61A11CB6-C097-481F-B607-F77FA4C1FDAB}"
EndProject
Project("{9A19103F-16F7-4668-BE54-9A1E7A4F7556}") = "ConsoleUI", "ConsoleUI\ConsoleUI.csproj", "{0E1E7EF1-D45C-4519-85AC-698FE70B0DD4}"
EndProject
Project("{9A19103F-16F7-4668-BE54-9A1E7A4F7556}") = "Core", "Core\Core.csproj", "{34AE8D65-7368-49D2-948C-3E7F69DBB820}"
EndProject
Global
	GlobalSection(SolutionConfigurationPlatforms) = preSolution
		Debug|Any CPU = Debug|Any CPU
		Release|Any CPU = Release|Any CPU
	EndGlobalSection
	GlobalSection(ProjectConfigurationPlatforms) = postSolution
		{AE05D64E-FD5E-4481-8422-B08C6E26A239}.Debug|Any CPU.ActiveCfg = Debug|Any CPU
		{AE05D64E-FD5E-4481-8422-B08C6E26A239}.Debug|Any CPU.Build.0 = Debug|Any CPU
		{AE05D64E-FD5E-4481-8422-B08C6E26A239}.Release|Any CPU.ActiveCfg = Release|Any CPU
		{AE05D64E-FD5E-4481-8422-B08C6E26A239}.Release|Any CPU.Build.0 = Release|Any CPU
		{35BF02B0-73D9-43A9-9205-943A1D3F7D4C}.Debug|Any CPU.ActiveCfg = Debug|Any CPU
		{35BF02B0-73D9-43A9-9205-943A1D3F7D4C}.Debug|Any CPU.Build.0 = Debug|Any CPU
		{35BF02B0-73D9-43A9-9205-943A1D3F7D4C}.Release|Any CPU.ActiveCfg = Release|Any CPU
		{35BF02B0-73D9-43A9-9205-943A1D3F7D4C}.Release|Any CPU.Build.0 = Release|Any CPU
		{61A11CB6-C097-481F-B607-F77FA4C1FDAB}.Debug|Any CPU.ActiveCfg = Debug|Any CPU
		{61A11CB6-C097-481F-B607-F77FA4C1FDAB}.Debug|Any CPU.Build.0 = Debug|Any CPU
		{61A11CB6-C097-481F-B607-F77FA4C1FDAB}.Release|Any CPU.ActiveCfg = Release|Any CPU
		{61A11CB6-C097-481F-B607-F77FA4C1FDAB}.Release|Any CPU.Build.0 = Release|Any CPU
		{0E1E7EF1-D45C-4519-85AC-698FE70B0DD4}.Debug|Any CPU.ActiveCfg = Debug|Any CPU
		{0E1E7EF1-D45C-4519-85AC-698FE70B0DD4}.Debug|Any CPU.Build.0 = Debug|Any CPU
		{0E1E7EF1-D45C-4519-85AC-698FE70B0DD4}.Release|Any CPU.ActiveCfg = Release|Any CPU
		{0E1E7EF1-D45C-4519-85AC-698FE70B0DD4}.Release|Any CPU.Build.0 = Release|Any CPU
		{34AE8D65-7368-49D2-948C-3E7F69DBB820}.Debug|Any CPU.ActiveCfg = Debug|Any CPU
		{34AE8D65-7368-49D2-948C-3E7F69DBB820}.Debug|Any CPU.Build.0 = Debug|Any CPU
		{34AE8D65-7368-49D2-948C-3E7F69DBB820}.Release|Any CPU.ActiveCfg = Release|Any CPU
		{34AE8D65-7368-49D2-948C-3E7F69DBB820}.Release|Any CPU.Build.0 = Release|Any CPU
	EndGlobalSection
	GlobalSection(SolutionProperties) = preSolution
		HideSolutionNode = FALSE
	EndGlobalSection
	GlobalSection(ExtensibilityGlobals) = postSolution
		SolutionGuid = {9593110E-436B-48E1-88FB-20BFF806368A}
	EndGlobalSection
EndGlobal
